
Microsoft Visual Studio Solution File, Format Version 12.00
# Visual Studio 15
VisualStudioVersion = 15.0.26228.4
MinimumVisualStudioVersion = 10.0.40219.1
Project("{FAE04EC0-301F-11D3-BF4B-00C04F79EFBC}") = "Talento", "Talento\Talento.csproj", "{D1BFEC25-2F01-4501-8E16-65FDADC4895C}"
EndProject
Project("{FAE04EC0-301F-11D3-BF4B-00C04F79EFBC}") = "Talento.Tests", "Talento.Tests\Talento.Tests.csproj", "{870A3581-A8C7-4862-B363-45D66B3DFFFE}"
EndProject
Global
	GlobalSection(SolutionConfigurationPlatforms) = preSolution
		Debug|Any CPU = Debug|Any CPU
		Release|Any CPU = Release|Any CPU
	EndGlobalSection
	GlobalSection(ProjectConfigurationPlatforms) = postSolution
		{D1BFEC25-2F01-4501-8E16-65FDADC4895C}.Debug|Any CPU.ActiveCfg = Debug|Any CPU
		{D1BFEC25-2F01-4501-8E16-65FDADC4895C}.Debug|Any CPU.Build.0 = Debug|Any CPU
		{D1BFEC25-2F01-4501-8E16-65FDADC4895C}.Release|Any CPU.ActiveCfg = Release|Any CPU
		{D1BFEC25-2F01-4501-8E16-65FDADC4895C}.Release|Any CPU.Build.0 = Release|Any CPU
		{870A3581-A8C7-4862-B363-45D66B3DFFFE}.Debug|Any CPU.ActiveCfg = Debug|Any CPU
		{870A3581-A8C7-4862-B363-45D66B3DFFFE}.Debug|Any CPU.Build.0 = Debug|Any CPU
		{870A3581-A8C7-4862-B363-45D66B3DFFFE}.Release|Any CPU.ActiveCfg = Release|Any CPU
		{870A3581-A8C7-4862-B363-45D66B3DFFFE}.Release|Any CPU.Build.0 = Release|Any CPU
	EndGlobalSection
	GlobalSection(SolutionProperties) = preSolution
		HideSolutionNode = FALSE
	EndGlobalSection
EndGlobal
